
Microsoft Visual Studio Solution File, Format Version 12.00
# Visual Studio 2013
VisualStudioVersion = 12.0.21005.1
MinimumVisualStudioVersion = 10.0.40219.1
Project("{8BC9CEB8-8B4A-11D0-8D11-00A0C91BC942}") = "Buoi1_DSLKDon", "Buoi1_DSLKDon\Buoi1_DSLKDon.vcxproj", "{66B30952-71A8-4110-8287-027DD966F2EC}"
EndProject
Project("{8BC9CEB8-8B4A-11D0-8D11-00A0C91BC942}") = "Buoi3_DSLKDon", "Buoi3_DSLKDon\Buoi3_DSLKDon.vcxproj", "{D28CE906-6261-4E73-99BE-F477723822F7}"
EndProject
Project("{8BC9CEB8-8B4A-11D0-8D11-00A0C91BC942}") = "Buoi2_DSLKDon", "Buoi2_DSLKDon\Buoi2_DSLKDon.vcxproj", "{7E6A0EF7-D1FA-492E-9BEE-98F2E9E23563}"
EndProject
Project("{8BC9CEB8-8B4A-11D0-8D11-00A0C91BC942}") = "Buoi4_Stack", "Buoi4_Stack\Buoi4_Stack.vcxproj", "{436680C2-8AB2-4E2A-B7D8-537C74811CD7}"
EndProject
Project("{8BC9CEB8-8B4A-11D0-8D11-00A0C91BC942}") = "Buoi5_Queue", "Buoi5_Queue\Buoi5_Queue.vcxproj", "{11B861E1-AB58-4B73-B31F-71406ABCB6D5}"
EndProject
Project("{8BC9CEB8-8B4A-11D0-8D11-00A0C91BC942}") = "Buoi6_CayNP", "Buoi6_CayNP\Buoi6_CayNP.vcxproj", "{A96213D8-B713-4F1E-87AC-341EAFE6E83F}"
EndProject
Project("{8BC9CEB8-8B4A-11D0-8D11-00A0C91BC942}") = "Buoi7_8_CayNPTK", "Buoi7_CayNPTK\Buoi7_CayNPTK.vcxproj", "{3DDE2BD8-1562-4F63-B738-30C4B68B9ADC}"
EndProject
Project("{8BC9CEB8-8B4A-11D0-8D11-00A0C91BC942}") = "Buoi9_BangBam", "Buoi9_BangBam\Buoi9_BangBam.vcxproj", "{0BB60D23-B0B3-4885-8712-B2942CE0B7F2}"
EndProject
Global
	GlobalSection(SolutionConfigurationPlatforms) = preSolution
		Debug|Win32 = Debug|Win32
		Release|Win32 = Release|Win32
	EndGlobalSection
	GlobalSection(ProjectConfigurationPlatforms) = postSolution
		{66B30952-71A8-4110-8287-027DD966F2EC}.Debug|Win32.ActiveCfg = Debug|Win32
		{66B30952-71A8-4110-8287-027DD966F2EC}.Debug|Win32.Build.0 = Debug|Win32
		{66B30952-71A8-4110-8287-027DD966F2EC}.Release|Win32.ActiveCfg = Release|Win32
		{66B30952-71A8-4110-8287-027DD966F2EC}.Release|Win32.Build.0 = Release|Win32
		{D28CE906-6261-4E73-99BE-F477723822F7}.Debug|Win32.ActiveCfg = Debug|Win32
		{D28CE906-6261-4E73-99BE-F477723822F7}.Debug|Win32.Build.0 = Debug|Win32
		{D28CE906-6261-4E73-99BE-F477723822F7}.Release|Win32.ActiveCfg = Release|Win32
		{D28CE906-6261-4E73-99BE-F477723822F7}.Release|Win32.Build.0 = Release|Win32
		{7E6A0EF7-D1FA-492E-9BEE-98F2E9E23563}.Debug|Win32.ActiveCfg = Debug|Win32
		{7E6A0EF7-D1FA-492E-9BEE-98F2E9E23563}.Debug|Win32.Build.0 = Debug|Win32
		{7E6A0EF7-D1FA-492E-9BEE-98F2E9E23563}.Release|Win32.ActiveCfg = Release|Win32
		{7E6A0EF7-D1FA-492E-9BEE-98F2E9E23563}.Release|Win32.Build.0 = Release|Win32
		{436680C2-8AB2-4E2A-B7D8-537C74811CD7}.Debug|Win32.ActiveCfg = Debug|Win32
		{436680C2-8AB2-4E2A-B7D8-537C74811CD7}.Debug|Win32.Build.0 = Debug|Win32
		{436680C2-8AB2-4E2A-B7D8-537C74811CD7}.Release|Win32.ActiveCfg = Release|Win32
		{436680C2-8AB2-4E2A-B7D8-537C74811CD7}.Release|Win32.Build.0 = Release|Win32
		{11B861E1-AB58-4B73-B31F-71406ABCB6D5}.Debug|Win32.ActiveCfg = Debug|Win32
		{11B861E1-AB58-4B73-B31F-71406ABCB6D5}.Debug|Win32.Build.0 = Debug|Win32
		{11B861E1-AB58-4B73-B31F-71406ABCB6D5}.Release|Win32.ActiveCfg = Release|Win32
		{11B861E1-AB58-4B73-B31F-71406ABCB6D5}.Release|Win32.Build.0 = Release|Win32
		{A96213D8-B713-4F1E-87AC-341EAFE6E83F}.Debug|Win32.ActiveCfg = Debug|Win32
		{A96213D8-B713-4F1E-87AC-341EAFE6E83F}.Debug|Win32.Build.0 = Debug|Win32
		{A96213D8-B713-4F1E-87AC-341EAFE6E83F}.Release|Win32.ActiveCfg = Release|Win32
		{A96213D8-B713-4F1E-87AC-341EAFE6E83F}.Release|Win32.Build.0 = Release|Win32
		{3DDE2BD8-1562-4F63-B738-30C4B68B9ADC}.Debug|Win32.ActiveCfg = Debug|Win32
		{3DDE2BD8-1562-4F63-B738-30C4B68B9ADC}.Debug|Win32.Build.0 = Debug|Win32
		{3DDE2BD8-1562-4F63-B738-30C4B68B9ADC}.Release|Win32.ActiveCfg = Release|Win32
		{3DDE2BD8-1562-4F63-B738-30C4B68B9ADC}.Release|Win32.Build.0 = Release|Win32
		{0BB60D23-B0B3-4885-8712-B2942CE0B7F2}.Debug|Win32.ActiveCfg = Debug|Win32
		{0BB60D23-B0B3-4885-8712-B2942CE0B7F2}.Debug|Win32.Build.0 = Debug|Win32
		{0BB60D23-B0B3-4885-8712-B2942CE0B7F2}.Release|Win32.ActiveCfg = Release|Win32
		{0BB60D23-B0B3-4885-8712-B2942CE0B7F2}.Release|Win32.Build.0 = Release|Win32
	EndGlobalSection
	GlobalSection(SolutionProperties) = preSolution
		HideSolutionNode = FALSE
	EndGlobalSection
EndGlobal
